// !$*UTF8*$!
{
	archiveVersion = 1;
	classes = {
	};
	objectVersion = 46;
	objects = {

/* Begin PBXBuildFile section */
		310DD8731F59C6EA00ED3648 /* AppDelegate.swift in Sources */ = {isa = PBXBuildFile; fileRef = 310DD8721F59C6EA00ED3648 /* AppDelegate.swift */; };
		310DD8751F59C6EA00ED3648 /* ViewController.swift in Sources */ = {isa = PBXBuildFile; fileRef = 310DD8741F59C6EA00ED3648 /* ViewController.swift */; };
		310DD8781F59C6EA00ED3648 /* Main.storyboard in Resources */ = {isa = PBXBuildFile; fileRef = 310DD8761F59C6EA00ED3648 /* Main.storyboard */; };
		310DD87A1F59C6EA00ED3648 /* Assets.xcassets in Resources */ = {isa = PBXBuildFile; fileRef = 310DD8791F59C6EA00ED3648 /* Assets.xcassets */; };
		310DD87D1F59C6EA00ED3648 /* LaunchScreen.storyboard in Resources */ = {isa = PBXBuildFile; fileRef = 310DD87B1F59C6EA00ED3648 /* LaunchScreen.storyboard */; };
		310DD8881F59C6EA00ED3648 /* gittest3Tests.swift in Sources */ = {isa = PBXBuildFile; fileRef = 310DD8871F59C6EA00ED3648 /* gittest3Tests.swift */; };
		310DD8931F59C6EA00ED3648 /* gittest3UITests.swift in Sources */ = {isa = PBXBuildFile; fileRef = 310DD8921F59C6EA00ED3648 /* gittest3UITests.swift */; };
/* End PBXBuildFile section */

/* Begin PBXContainerItemProxy section */
		310DD8841F59C6EA00ED3648 /* PBXContainerItemProxy */ = {
			isa = PBXContainerItemProxy;
			containerPortal = 310DD8671F59C6EA00ED3648 /* Project object */;
			proxyType = 1;
			remoteGlobalIDString = 310DD86E1F59C6EA00ED3648;
			remoteInfo = gittest3;
		};
		310DD88F1F59C6EA00ED3648 /* PBXContainerItemProxy */ = {
			isa = PBXContainerItemProxy;
			containerPortal = 310DD8671F59C6EA00ED3648 /* Project object */;
			proxyType = 1;
			remoteGlobalIDString = 310DD86E1F59C6EA00ED3648;
			remoteInfo = gittest3;
		};
/* End PBXContainerItemProxy section */

/* Begin PBXFileReference section */
		310DD86F1F59C6EA00ED3648 /* gittest3.app */ = {isa = PBXFileReference; explicitFileType = wrapper.application; includeInIndex = 0; path = gittest3.app; sourceTree = BUILT_PRODUCTS_DIR; };
		310DD8721F59C6EA00ED3648 /* AppDelegate.swift */ = {isa = PBXFileReference; lastKnownFileType = sourcecode.swift; path = AppDelegate.swift; sourceTree = "<group>"; };
		310DD8741F59C6EA00ED3648 /* ViewController.swift */ = {isa = PBXFileReference; lastKnownFileType = sourcecode.swift; path = ViewController.swift; sourceTree = "<group>"; };
		310DD8771F59C6EA00ED3648 /* Base */ = {isa = PBXFileReference; lastKnownFileType = file.storyboard; name = Base; path = Base.lproj/Main.storyboard; sourceTree = "<group>"; };
		310DD8791F59C6EA00ED3648 /* Assets.xcassets */ = {isa = PBXFileReference; lastKnownFileType = folder.assetcatalog; path = Assets.xcassets; sourceTree = "<group>"; };
		310DD87C1F59C6EA00ED3648 /* Base */ = {isa = PBXFileReference; lastKnownFileType = file.storyboard; name = Base; path = Base.lproj/LaunchScreen.storyboard; sourceTree = "<group>"; };
		310DD87E1F59C6EA00ED3648 /* Info.plist */ = {isa = PBXFileReference; lastKnownFileType = text.plist.xml; path = Info.plist; sourceTree = "<group>"; };
		310DD8831F59C6EA00ED3648 /* gittest3Tests.xctest */ = {isa = PBXFileReference; explicitFileType = wrapper.cfbundle; includeInIndex = 0; path = gittest3Tests.xctest; sourceTree = BUILT_PRODUCTS_DIR; };
		310DD8871F59C6EA00ED3648 /* gittest3Tests.swift */ = {isa = PBXFileReference; lastKnownFileType = sourcecode.swift; path = gittest3Tests.swift; sourceTree = "<group>"; };
		310DD8891F59C6EA00ED3648 /* Info.plist */ = {isa = PBXFileReference; lastKnownFileType = text.plist.xml; path = Info.plist; sourceTree = "<group>"; };
		310DD88E1F59C6EA00ED3648 /* gittest3UITests.xctest */ = {isa = PBXFileReference; explicitFileType = wrapper.cfbundle; includeInIndex = 0; path = gittest3UITests.xctest; sourceTree = BUILT_PRODUCTS_DIR; };
		310DD8921F59C6EA00ED3648 /* gittest3UITests.swift */ = {isa = PBXFileReference; lastKnownFileType = sourcecode.swift; path = gittest3UITests.swift; sourceTree = "<group>"; };
		310DD8941F59C6EA00ED3648 /* Info.plist */ = {isa = PBXFileReference; lastKnownFileType = text.plist.xml; path = Info.plist; sourceTree = "<group>"; };
/* End PBXFileReference section */

/* Begin PBXFrameworksBuildPhase section */
		310DD86C1F59C6EA00ED3648 /* Frameworks */ = {
			isa = PBXFrameworksBuildPhase;
			buildActionMask = 2147483647;
			files = (
			);
			runOnlyForDeploymentPostprocessing = 0;
		};
		310DD8801F59C6EA00ED3648 /* Frameworks */ = {
			isa = PBXFrameworksBuildPhase;
			buildActionMask = 2147483647;
			files = (
			);
			runOnlyForDeploymentPostprocessing = 0;
		};
		310DD88B1F59C6EA00ED3648 /* Frameworks */ = {
			isa = PBXFrameworksBuildPhase;
			buildActionMask = 2147483647;
			files = (
			);
			runOnlyForDeploymentPostprocessing = 0;
		};
/* End PBXFrameworksBuildPhase section */

/* Begin PBXGroup section */
		310DD8661F59C6EA00ED3648 = {
			isa = PBXGroup;
			children = (
				310DD8711F59C6EA00ED3648 /* gittest3 */,
				310DD8861F59C6EA00ED3648 /* gittest3Tests */,
				310DD8911F59C6EA00ED3648 /* gittest3UITests */,
				310DD8701F59C6EA00ED3648 /* Products */,
			);
			sourceTree = "<group>";
		};
		310DD8701F59C6EA00ED3648 /* Products */ = {
			isa = PBXGroup;
			children = (
				310DD86F1F59C6EA00ED3648 /* gittest3.app */,
				310DD8831F59C6EA00ED3648 /* gittest3Tests.xctest */,
				310DD88E1F59C6EA00ED3648 /* gittest3UITests.xctest */,
			);
			name = Products;
			sourceTree = "<group>";
		};
		310DD8711F59C6EA00ED3648 /* gittest3 */ = {
			isa = PBXGroup;
			children = (
				310DD8721F59C6EA00ED3648 /* AppDelegate.swift */,
				310DD8741F59C6EA00ED3648 /* ViewController.swift */,
				310DD8761F59C6EA00ED3648 /* Main.storyboard */,
				310DD8791F59C6EA00ED3648 /* Assets.xcassets */,
				310DD87B1F59C6EA00ED3648 /* LaunchScreen.storyboard */,
				310DD87E1F59C6EA00ED3648 /* Info.plist */,
			);
			path = gittest3;
			sourceTree = "<group>";
		};
		310DD8861F59C6EA00ED3648 /* gittest3Tests */ = {
			isa = PBXGroup;
			children = (
				310DD8871F59C6EA00ED3648 /* gittest3Tests.swift */,
				310DD8891F59C6EA00ED3648 /* Info.plist */,
			);
			path = gittest3Tests;
			sourceTree = "<group>";
		};
		310DD8911F59C6EA00ED3648 /* gittest3UITests */ = {
			isa = PBXGroup;
			children = (
				310DD8921F59C6EA00ED3648 /* gittest3UITests.swift */,
				310DD8941F59C6EA00ED3648 /* Info.plist */,
			);
			path = gittest3UITests;
			sourceTree = "<group>";
		};
/* End PBXGroup section */

/* Begin PBXNativeTarget section */
		310DD86E1F59C6EA00ED3648 /* gittest3 */ = {
			isa = PBXNativeTarget;
			buildConfigurationList = 310DD8971F59C6EA00ED3648 /* Build configuration list for PBXNativeTarget "gittest3" */;
			buildPhases = (
				310DD86B1F59C6EA00ED3648 /* Sources */,
				310DD86C1F59C6EA00ED3648 /* Frameworks */,
				310DD86D1F59C6EA00ED3648 /* Resources */,
			);
			buildRules = (
			);
			dependencies = (
			);
			name = gittest3;
			productName = gittest3;
			productReference = 310DD86F1F59C6EA00ED3648 /* gittest3.app */;
			productType = "com.apple.product-type.application";
		};
		310DD8821F59C6EA00ED3648 /* gittest3Tests */ = {
			isa = PBXNativeTarget;
			buildConfigurationList = 310DD89A1F59C6EA00ED3648 /* Build configuration list for PBXNativeTarget "gittest3Tests" */;
			buildPhases = (
				310DD87F1F59C6EA00ED3648 /* Sources */,
				310DD8801F59C6EA00ED3648 /* Frameworks */,
				310DD8811F59C6EA00ED3648 /* Resources */,
			);
			buildRules = (
			);
			dependencies = (
				310DD8851F59C6EA00ED3648 /* PBXTargetDependency */,
			);
			name = gittest3Tests;
			productName = gittest3Tests;
			productReference = 310DD8831F59C6EA00ED3648 /* gittest3Tests.xctest */;
			productType = "com.apple.product-type.bundle.unit-test";
		};
		310DD88D1F59C6EA00ED3648 /* gittest3UITests */ = {
			isa = PBXNativeTarget;
			buildConfigurationList = 310DD89D1F59C6EA00ED3648 /* Build configuration list for PBXNativeTarget "gittest3UITests" */;
			buildPhases = (
				310DD88A1F59C6EA00ED3648 /* Sources */,
				310DD88B1F59C6EA00ED3648 /* Frameworks */,
				310DD88C1F59C6EA00ED3648 /* Resources */,
			);
			buildRules = (
			);
			dependencies = (
				310DD8901F59C6EA00ED3648 /* PBXTargetDependency */,
			);
			name = gittest3UITests;
			productName = gittest3UITests;
			productReference = 310DD88E1F59C6EA00ED3648 /* gittest3UITests.xctest */;
			productType = "com.apple.product-type.bundle.ui-testing";
		};
/* End PBXNativeTarget section */

/* Begin PBXProject section */
		310DD8671F59C6EA00ED3648 /* Project object */ = {
			isa = PBXProject;
			attributes = {
				LastSwiftUpdateCheck = 0830;
				LastUpgradeCheck = 0830;
				ORGANIZATIONNAME = jinfoong;
				TargetAttributes = {
					310DD86E1F59C6EA00ED3648 = {
						CreatedOnToolsVersion = 8.3.3;
						ProvisioningStyle = Automatic;
					};
					310DD8821F59C6EA00ED3648 = {
						CreatedOnToolsVersion = 8.3.3;
						ProvisioningStyle = Automatic;
						TestTargetID = 310DD86E1F59C6EA00ED3648;
					};
					310DD88D1F59C6EA00ED3648 = {
						CreatedOnToolsVersion = 8.3.3;
						ProvisioningStyle = Automatic;
						TestTargetID = 310DD86E1F59C6EA00ED3648;
					};
				};
			};
			buildConfigurationList = 310DD86A1F59C6EA00ED3648 /* Build configuration list for PBXProject "gittest3" */;
			compatibilityVersion = "Xcode 3.2";
			developmentRegion = English;
			hasScannedForEncodings = 0;
			knownRegions = (
				en,
				Base,
			);
			mainGroup = 310DD8661F59C6EA00ED3648;
			productRefGroup = 310DD8701F59C6EA00ED3648 /* Products */;
			projectDirPath = "";
			projectRoot = "";
			targets = (
				310DD86E1F59C6EA00ED3648 /* gittest3 */,
				310DD8821F59C6EA00ED3648 /* gittest3Tests */,
				310DD88D1F59C6EA00ED3648 /* gittest3UITests */,
			);
		};
/* End PBXProject section */

/* Begin PBXResourcesBuildPhase section */
		310DD86D1F59C6EA00ED3648 /* Resources */ = {
			isa = PBXResourcesBuildPhase;
			buildActionMask = 2147483647;
			files = (
				310DD87D1F59C6EA00ED3648 /* LaunchScreen.storyboard in Resources */,
				310DD87A1F59C6EA00ED3648 /* Assets.xcassets in Resources */,
				310DD8781F59C6EA00ED3648 /* Main.storyboard in Resources */,
			);
			runOnlyForDeploymentPostprocessing = 0;
		};
		310DD8811F59C6EA00ED3648 /* Resources */ = {
			isa = PBXResourcesBuildPhase;
			buildActionMask = 2147483647;
			files = (
			);
			runOnlyForDeploymentPostprocessing = 0;
		};
		310DD88C1F59C6EA00ED3648 /* Resources */ = {
			isa = PBXResourcesBuildPhase;
			buildActionMask = 2147483647;
			files = (
			);
			runOnlyForDeploymentPostprocessing = 0;
		};
/* End PBXResourcesBuildPhase section */

/* Begin PBXSourcesBuildPhase section */
		310DD86B1F59C6EA00ED3648 /* Sources */ = {
			isa = PBXSourcesBuildPhase;
			buildActionMask = 2147483647;
			files = (
				310DD8751F59C6EA00ED3648 /* ViewController.swift in Sources */,
				310DD8731F59C6EA00ED3648 /* AppDelegate.swift in Sources */,
			);
			runOnlyForDeploymentPostprocessing = 0;
		};
		310DD87F1F59C6EA00ED3648 /* Sources */ = {
			isa = PBXSourcesBuildPhase;
			buildActionMask = 2147483647;
			files = (
				310DD8881F59C6EA00ED3648 /* gittest3Tests.swift in Sources */,
			);
			runOnlyForDeploymentPostprocessing = 0;
		};
		310DD88A1F59C6EA00ED3648 /* Sources */ = {
			isa = PBXSourcesBuildPhase;
			buildActionMask = 2147483647;
			files = (
				310DD8931F59C6EA00ED3648 /* gittest3UITests.swift in Sources */,
			);
			runOnlyForDeploymentPostprocessing = 0;
		};
/* End PBXSourcesBuildPhase section */

/* Begin PBXTargetDependency section */
		310DD8851F59C6EA00ED3648 /* PBXTargetDependency */ = {
			isa = PBXTargetDependency;
			target = 310DD86E1F59C6EA00ED3648 /* gittest3 */;
			targetProxy = 310DD8841F59C6EA00ED3648 /* PBXContainerItemProxy */;
		};
		310DD8901F59C6EA00ED3648 /* PBXTargetDependency */ = {
			isa = PBXTargetDependency;
			target = 310DD86E1F59C6EA00ED3648 /* gittest3 */;
			targetProxy = 310DD88F1F59C6EA00ED3648 /* PBXContainerItemProxy */;
		};
/* End PBXTargetDependency section */

/* Begin PBXVariantGroup section */
		310DD8761F59C6EA00ED3648 /* Main.storyboard */ = {
			isa = PBXVariantGroup;
			children = (
				310DD8771F59C6EA00ED3648 /* Base */,
			);
			name = Main.storyboard;
			sourceTree = "<group>";
		};
		310DD87B1F59C6EA00ED3648 /* LaunchScreen.storyboard */ = {
			isa = PBXVariantGroup;
			children = (
				310DD87C1F59C6EA00ED3648 /* Base */,
			);
			name = LaunchScreen.storyboard;
			sourceTree = "<group>";
		};
/* End PBXVariantGroup section */

/* Begin XCBuildConfiguration section */
		310DD8951F59C6EA00ED3648 /* Debug */ = {
			isa = XCBuildConfiguration;
			buildSettings = {
				ALWAYS_SEARCH_USER_PATHS = NO;
				CLANG_ANALYZER_NONNULL = YES;
				CLANG_ANALYZER_NUMBER_OBJECT_CONVERSION = YES_AGGRESSIVE;
				CLANG_CXX_LANGUAGE_STANDARD = "gnu++0x";
				CLANG_CXX_LIBRARY = "libc++";
				CLANG_ENABLE_MODULES = YES;
				CLANG_ENABLE_OBJC_ARC = YES;
				CLANG_WARN_BOOL_CONVERSION = YES;
				CLANG_WARN_CONSTANT_CONVERSION = YES;
				CLANG_WARN_DIRECT_OBJC_ISA_USAGE = YES_ERROR;
				CLANG_WARN_DOCUMENTATION_COMMENTS = YES;
				CLANG_WARN_EMPTY_BODY = YES;
				CLANG_WARN_ENUM_CONVERSION = YES;
				CLANG_WARN_INFINITE_RECURSION = YES;
				CLANG_WARN_INT_CONVERSION = YES;
				CLANG_WARN_OBJC_ROOT_CLASS = YES_ERROR;
				CLANG_WARN_SUSPICIOUS_MOVE = YES;
				CLANG_WARN_UNREACHABLE_CODE = YES;
				CLANG_WARN__DUPLICATE_METHOD_MATCH = YES;
				"CODE_SIGN_IDENTITY[sdk=iphoneos*]" = "iPhone Developer";
				COPY_PHASE_STRIP = NO;
				DEBUG_INFORMATION_FORMAT = dwarf;
				ENABLE_STRICT_OBJC_MSGSEND = YES;
				ENABLE_TESTABILITY = YES;
				GCC_C_LANGUAGE_STANDARD = gnu99;
				GCC_DYNAMIC_NO_PIC = NO;
				GCC_NO_COMMON_BLOCKS = YES;
				GCC_OPTIMIZATION_LEVEL = 0;
				GCC_PREPROCESSOR_DEFINITIONS = (
					"DEBUG=1",
					"$(inherited)",
				);
				GCC_WARN_64_TO_32_BIT_CONVERSION = YES;
				GCC_WARN_ABOUT_RETURN_TYPE = YES_ERROR;
				GCC_WARN_UNDECLARED_SELECTOR = YES;
				GCC_WARN_UNINITIALIZED_AUTOS = YES_AGGRESSIVE;
				GCC_WARN_UNUSED_FUNCTION = YES;
				GCC_WARN_UNUSED_VARIABLE = YES;
				IPHONEOS_DEPLOYMENT_TARGET = 10.3;
				MTL_ENABLE_DEBUG_INFO = YES;
				ONLY_ACTIVE_ARCH = YES;
				SDKROOT = iphoneos;
				SWIFT_ACTIVE_COMPILATION_CONDITIONS = DEBUG;
				SWIFT_OPTIMIZATION_LEVEL = "-Onone";
				TARGETED_DEVICE_FAMILY = "1,2";
			};
			name = Debug;
		};
		310DD8961F59C6EA00ED3648 /* Release */ = {
			isa = XCBuildConfiguration;
			buildSettings = {
				ALWAYS_SEARCH_USER_PATHS = NO;
				CLANG_ANALYZER_NONNULL = YES;
				CLANG_ANALYZER_NUMBER_OBJECT_CONVERSION = YES_AGGRESSIVE;
				CLANG_CXX_LANGUAGE_STANDARD = "gnu++0x";
				CLANG_CXX_LIBRARY = "libc++";
				CLANG_ENABLE_MODULES = YES;
				CLANG_ENABLE_OBJC_ARC = YES;
				CLANG_WARN_BOOL_CONVERSION = YES;
				CLANG_WARN_CONSTANT_CONVERSION = YES;
				CLANG_WARN_DIRECT_OBJC_ISA_USAGE = YES_ERROR;
				CLANG_WARN_DOCUMENTATION_COMMENTS = YES;
				CLANG_WARN_EMPTY_BODY = YES;
				CLANG_WARN_ENUM_CONVERSION = YES;
				CLANG_WARN_INFINITE_RECURSION = YES;
				CLANG_WARN_INT_CONVERSION = YES;
				CLANG_WARN_OBJC_ROOT_CLASS = YES_ERROR;
				CLANG_WARN_SUSPICIOUS_MOVE = YES;
				CLANG_WARN_UNREACHABLE_CODE = YES;
				CLANG_WARN__DUPLICATE_METHOD_MATCH = YES;
				"CODE_SIGN_IDENTITY[sdk=iphoneos*]" = "iPhone Developer";
				COPY_PHASE_STRIP = NO;
				DEBUG_INFORMATION_FORMAT = "dwarf-with-dsym";
				ENABLE_NS_ASSERTIONS = NO;
				ENABLE_STRICT_OBJC_MSGSEND = YES;
				GCC_C_LANGUAGE_STANDARD = gnu99;
				GCC_NO_COMMON_BLOCKS = YES;
				GCC_WARN_64_TO_32_BIT_CONVERSION = YES;
				GCC_WARN_ABOUT_RETURN_TYPE = YES_ERROR;
				GCC_WARN_UNDECLARED_SELECTOR = YES;
				GCC_WARN_UNINITIALIZED_AUTOS = YES_AGGRESSIVE;
				GCC_WARN_UNUSED_FUNCTION = YES;
				GCC_WARN_UNUSED_VARIABLE = YES;
				IPHONEOS_DEPLOYMENT_TARGET = 10.3;
				MTL_ENABLE_DEBUG_INFO = NO;
				SDKROOT = iphoneos;
				SWIFT_OPTIMIZATION_LEVEL = "-Owholemodule";
				TARGETED_DEVICE_FAMILY = "1,2";
				VALIDATE_PRODUCT = YES;
			};
			name = Release;
		};
		310DD8981F59C6EA00ED3648 /* Debug */ = {
			isa = XCBuildConfiguration;
			buildSettings = {
				ASSETCATALOG_COMPILER_APPICON_NAME = AppIcon;
				INFOPLIST_FILE = gittest3/Info.plist;
				LD_RUNPATH_SEARCH_PATHS = "$(inherited) @executable_path/Frameworks";
				PRODUCT_BUNDLE_IDENTIFIER = jf.gittest3;
				PRODUCT_NAME = "$(TARGET_NAME)";
				SWIFT_VERSION = 3.0;
			};
			name = Debug;
		};
		310DD8991F59C6EA00ED3648 /* Release */ = {
			isa = XCBuildConfiguration;
			buildSettings = {
				ASSETCATALOG_COMPILER_APPICON_NAME = AppIcon;
				INFOPLIST_FILE = gittest3/Info.plist;
				LD_RUNPATH_SEARCH_PATHS = "$(inherited) @executable_path/Frameworks";
				PRODUCT_BUNDLE_IDENTIFIER = jf.gittest3;
				PRODUCT_NAME = "$(TARGET_NAME)";
				SWIFT_VERSION = 3.0;
			};
			name = Release;
		};
		310DD89B1F59C6EA00ED3648 /* Debug */ = {
			isa = XCBuildConfiguration;
			buildSettings = {
				ALWAYS_EMBED_SWIFT_STANDARD_LIBRARIES = YES;
				BUNDLE_LOADER = "$(TEST_HOST)";
				INFOPLIST_FILE = gittest3Tests/Info.plist;
				LD_RUNPATH_SEARCH_PATHS = "$(inherited) @executable_path/Frameworks @loader_path/Frameworks";
				PRODUCT_BUNDLE_IDENTIFIER = jf.gittest3Tests;
				PRODUCT_NAME = "$(TARGET_NAME)";
				SWIFT_VERSION = 3.0;
				TEST_HOST = "$(BUILT_PRODUCTS_DIR)/gittest3.app/gittest3";
			};
			name = Debug;
		};
		310DD89C1F59C6EA00ED3648 /* Release */ = {
			isa = XCBuildConfiguration;
			buildSettings = {
				ALWAYS_EMBED_SWIFT_STANDARD_LIBRARIES = YES;
				BUNDLE_LOADER = "$(TEST_HOST)";
				INFOPLIST_FILE = gittest3Tests/Info.plist;
				LD_RUNPATH_SEARCH_PATHS = "$(inherited) @executable_path/Frameworks @loader_path/Frameworks";
				PRODUCT_BUNDLE_IDENTIFIER = jf.gittest3Tests;
				PRODUCT_NAME = "$(TARGET_NAME)";
				SWIFT_VERSION = 3.0;
				TEST_HOST = "$(BUILT_PRODUCTS_DIR)/gittest3.app/gittest3";
			};
			name = Release;
		};
		310DD89E1F59C6EA00ED3648 /* Debug */ = {
			isa = XCBuildConfiguration;
			buildSettings = {
				ALWAYS_EMBED_SWIFT_STANDARD_LIBRARIES = YES;
				INFOPLIST_FILE = gittest3UITests/Info.plist;
				LD_RUNPATH_SEARCH_PATHS = "$(inherited) @executable_path/Frameworks @loader_path/Frameworks";
				PRODUCT_BUNDLE_IDENTIFIER = jf.gittest3UITests;
				PRODUCT_NAME = "$(TARGET_NAME)";
				SWIFT_VERSION = 3.0;
				TEST_TARGET_NAME = gittest3;
			};
			name = Debug;
		};
		310DD89F1F59C6EA00ED3648 /* Release */ = {
			isa = XCBuildConfiguration;
			buildSettings = {
				ALWAYS_EMBED_SWIFT_STANDARD_LIBRARIES = YES;
				INFOPLIST_FILE = gittest3UITests/Info.plist;
				LD_RUNPATH_SEARCH_PATHS = "$(inherited) @executable_path/Frameworks @loader_path/Frameworks";
				PRODUCT_BUNDLE_IDENTIFIER = jf.gittest3UITests;
				PRODUCT_NAME = "$(TARGET_NAME)";
				SWIFT_VERSION = 3.0;
				TEST_TARGET_NAME = gittest3;
			};
			name = Release;
		};
/* End XCBuildConfiguration section */

/* Begin XCConfigurationList section */
		310DD86A1F59C6EA00ED3648 /* Build configuration list for PBXProject "gittest3" */ = {
			isa = XCConfigurationList;
			buildConfigurations = (
				310DD8951F59C6EA00ED3648 /* Debug */,
				310DD8961F59C6EA00ED3648 /* Release */,
			);
			defaultConfigurationIsVisible = 0;
			defaultConfigurationName = Release;
		};
		310DD8971F59C6EA00ED3648 /* Build configuration list for PBXNativeTarget "gittest3" */ = {
			isa = XCConfigurationList;
			buildConfigurations = (
				310DD8981F59C6EA00ED3648 /* Debug */,
				310DD8991F59C6EA00ED3648 /* Release */,
			);
			defaultConfigurationIsVisible = 0;
		};
		310DD89A1F59C6EA00ED3648 /* Build configuration list for PBXNativeTarget "gittest3Tests" */ = {
			isa = XCConfigurationList;
			buildConfigurations = (
				310DD89B1F59C6EA00ED3648 /* Debug */,
				310DD89C1F59C6EA00ED3648 /* Release */,
			);
			defaultConfigurationIsVisible = 0;
		};
		310DD89D1F59C6EA00ED3648 /* Build configuration list for PBXNativeTarget "gittest3UITests" */ = {
			isa = XCConfigurationList;
			buildConfigurations = (
				310DD89E1F59C6EA00ED3648 /* Debug */,
				310DD89F1F59C6EA00ED3648 /* Release */,
			);
			defaultConfigurationIsVisible = 0;
		};
/* End XCConfigurationList section */
	};
	rootObject = 310DD8671F59C6EA00ED3648 /* Project object */;
}
